Microsoft Visual Studio Solution File, Format Version 12.00
# Visual Studio Version 17
VisualStudioVersion = 17.5.2.0
MinimumVisualStudioVersion = 10.0.40219.1
Project("{FAE04EC0-301F-11D3-BF4B-00C04F79EFBC}") = "PalindromeCheckerApi", "PalindromeCheckerApi\PalindromeCheckerApi.csproj", "{EB222BD5-636C-A7D4-5AF3-8FF5E8E18D25}"
EndProject
Global
	GlobalSection(SolutionConfigurationPlatforms) = preSolution
		Debug|Any CPU = Debug|Any CPU
		Release|Any CPU = Release|Any CPU
	EndGlobalSection
	GlobalSection(ProjectConfigurationPlatforms) = postSolution
		{EB222BD5-636C-A7D4-5AF3-8FF5E8E18D25}.Debug|Any CPU.ActiveCfg = Debug|Any CPU
		{EB222BD5-636C-A7D4-5AF3-8FF5E8E18D25}.Debug|Any CPU.Build.0 = Debug|Any CPU
		{EB222BD5-636C-A7D4-5AF3-8FF5E8E18D25}.Release|Any CPU.ActiveCfg = Release|Any CPU
		{EB222BD5-636C-A7D4-5AF3-8FF5E8E18D25}.Release|Any CPU.Build.0 = Release|Any CPU
	EndGlobalSection
	GlobalSection(SolutionProperties) = preSolution
		HideSolutionNode = FALSE
	EndGlobalSection
	GlobalSection(ExtensibilityGlobals) = postSolution
		SolutionGuid = {C8C57F1B-342F-4B62-8CB9-01ED20F01398}
	EndGlobalSection
EndGlobal
